<?xml version="1.0" encoding="utf-8"?>
<Project ToolsVersion="4.0" xmlns="http://schemas.microsoft.com/developer/msbuild/2003">
  <ItemGroup>
    <Filter Include="Source Files">
      <UniqueIdentifier>{4FC737F1-C7A5-4376-A066-2A32D752A2FF}</UniqueIdentifier>
      <Extensions>cpp;c;cc;cxx;c++;def;odl;idl;hpj;bat;asm;asmx</Extensions>
    </Filter>
    <Filter Include="Header Files">
      <UniqueIdentifier>{93995380-89BD-4b04-88EB-625FBE52EBFB}</UniqueIdentifier>
      <Extensions>h;hh;hpp;hxx;h++;hm;inl;inc;ipp;xsd</Extensions>
    </Filter>
    <Filter Include="Resource Files">
      <UniqueIdentifier>{67DA6AB6-F800-4c08-8B7A-83BB121AAD01}</UniqueIdentifier>
      <Extensions>rc;ico;cur;bmp;dlg;rc2;rct;bin;rgs;gif;jpg;jpeg;jpe;resx;tiff;tif;png;wav;mfcribbon-ms</Extensions>
    </Filter>
    <Filter Include="Framework">
      <UniqueIdentifier>{73ca3cff-26a9-49a7-b2ed-9420194edbaa}</UniqueIdentifier>
    </Filter>
    <Filter Include="Framework\Sprite">
      <UniqueIdentifier>{682b603f-8281-480b-817d-2776086cc227}</UniqueIdentifier>
    </Filter>
    <Filter Include="Framework\Texture">
      <UniqueIdentifier>{c0148658-50f6-4d5e-a7ac-829f6fbbd85c}</UniqueIdentifier>
    </Filter>
    <Filter Include="Framework\GameObject">
      <UniqueIdentifier>{023a01ed-86b3-4dde-922a-737468ee02d0}</UniqueIdentifier>
    </Filter>
    <Filter Include="Framework\WindowGame">
      <UniqueIdentifier>{6f888301-24be-45e1-b3a7-2f871673fa33}</UniqueIdentifier>
    </Filter>
    <Filter Include="GameSource">
      <UniqueIdentifier>{07566305-14cb-4093-8b76-5817d16c2452}</UniqueIdentifier>
    </Filter>
    <Filter Include="GameSource\GameObjects">
      <UniqueIdentifier>{19f43f04-ed1c-4473-ac90-3c227e0fd761}</UniqueIdentifier>
    </Filter>
    <Filter Include="GameSource\Scenes">
      <UniqueIdentifier>{6d3f37a4-4fbd-497a-8d64-4f196a7d2749}</UniqueIdentifier>
    </Filter>
    <Filter Include="GameSource\GameObjects\Mario">
      <UniqueIdentifier>{263e2313-396c-4574-a4a1-ca54e76354af}</UniqueIdentifier>
    </Filter>
    <Filter Include="GameSource\GameObjects\Brick">
      <UniqueIdentifier>{d9736dec-a2e2-4106-b12a-201c39ece288}</UniqueIdentifier>
    </Filter>
    <Filter Include="Framework\Animation">
      <UniqueIdentifier>{7be4e946-7a27-45c4-9e7f-e07068bea6c1}</UniqueIdentifier>
    </Filter>
    <Filter Include="Framework\Utils">
      <UniqueIdentifier>{08f06cee-9f43-40b0-b788-23870e7b2f73}</UniqueIdentifier>
    </Filter>
    <Filter Include="Framework\KeyEventHandler">
      <UniqueIdentifier>{88722fea-5038-4b4f-93c3-7c069208e574}</UniqueIdentifier>
    </Filter>
    <Filter Include="Framework\Scence">
      <UniqueIdentifier>{859688a5-c8a8-4ac5-849b-6a04bc22299f}</UniqueIdentifier>
    </Filter>
    <Filter Include="GameSource\GameObjects\Goomba">
      <UniqueIdentifier>{dff8313d-9aa3-4e60-ab83-66ba3af34299}</UniqueIdentifier>
    </Filter>
    <Filter Include="GameSource\GameObjects\Koopas">
      <UniqueIdentifier>{f2e09f51-caaa-4d28-a892-ef7c2c180086}</UniqueIdentifier>
    </Filter>
    <Filter Include="GameSource\GameObjects\Portal">
      <UniqueIdentifier>{09a84a80-d79a-4a28-aeb3-0caea2d0a78b}</UniqueIdentifier>
    </Filter>
    <Filter Include="Framework\GameMap">
      <UniqueIdentifier>{3325abc5-af94-4b3f-9875-4ba221792599}</UniqueIdentifier>
    </Filter>
    <Filter Include="Framework\Utils\MapReader">
      <UniqueIdentifier>{3e9a9f20-27b3-4120-b771-762693b0e9a7}</UniqueIdentifier>
    </Filter>
    <Filter Include="GameSource\GameObjects\RectCollision">
      <UniqueIdentifier>{8eee1b50-fe6b-4338-a118-8149e4349b40}</UniqueIdentifier>
    </Filter>
  </ItemGroup>
  <ItemGroup>
    <ClCompile Include="main.cpp">
      <Filter>Source Files</Filter>
    </ClCompile>
    <ClCompile Include="GameObject.cpp">
      <Filter>Framework\GameObject</Filter>
    </ClCompile>
    <ClCompile Include="Game.cpp">
      <Filter>Framework\WindowGame</Filter>
    </ClCompile>
    <ClCompile Include="Mario.cpp">
      <Filter>GameSource\GameObjects\Mario</Filter>
    </ClCompile>
    <ClCompile Include="Brick.cpp">
      <Filter>GameSource\GameObjects\Brick</Filter>
    </ClCompile>
    <ClCompile Include="Sprite.cpp">
      <Filter>Framework\Sprite</Filter>
    </ClCompile>
    <ClCompile Include="Animation.cpp">
      <Filter>Framework\Animation</Filter>
    </ClCompile>
    <ClCompile Include="TextureManager.cpp">
      <Filter>Framework\Texture</Filter>
    </ClCompile>
    <ClCompile Include="Transform.cpp">
      <Filter>Framework\Utils</Filter>
    </ClCompile>
    <ClCompile Include="SceneManager.cpp">
      <Filter>Framework\Scence</Filter>
    </ClCompile>
    <ClCompile Include="SpriteManager.cpp">
      <Filter>Framework\Sprite</Filter>
    </ClCompile>
    <ClCompile Include="AnimationFrame.cpp">
      <Filter>Framework\Animation</Filter>
    </ClCompile>
    <ClCompile Include="Goomba.cpp">
      <Filter>GameSource\GameObjects\Goomba</Filter>
    </ClCompile>
    <ClCompile Include="Scene.cpp">
      <Filter>Framework\Scence</Filter>
    </ClCompile>
    <ClCompile Include="PlayScene.cpp">
      <Filter>GameSource\Scenes</Filter>
    </ClCompile>
    <ClCompile Include="Koopas.cpp">
      <Filter>GameSource\GameObjects\Koopas</Filter>
    </ClCompile>
    <ClCompile Include="AnimationManager.cpp">
      <Filter>Framework\Animation</Filter>
    </ClCompile>
    <ClCompile Include="Utils.cpp">
      <Filter>Framework\Utils</Filter>
    </ClCompile>
    <ClCompile Include="Portal.cpp">
      <Filter>GameSource\GameObjects\Portal</Filter>
    </ClCompile>
    <ClCompile Include="GameMap.cpp">
      <Filter>Framework\GameMap</Filter>
    </ClCompile>
    <ClCompile Include="MapReader\base64.cpp">
      <Filter>Framework\Utils\MapReader</Filter>
    </ClCompile>
    <ClCompile Include="MapReader\miniz.c">
      <Filter>Framework\Utils\MapReader</Filter>
    </ClCompile>
    <ClCompile Include="MapReader\tinyxml2.cpp">
      <Filter>Framework\Utils\MapReader</Filter>
    </ClCompile>
    <ClCompile Include="MapReader\TmxEllipse.cpp">
      <Filter>Framework\Utils\MapReader</Filter>
    </ClCompile>
    <ClCompile Include="MapReader\TmxImage.cpp">
      <Filter>Framework\Utils\MapReader</Filter>
    </ClCompile>
    <ClCompile Include="MapReader\TmxImageLayer.cpp">
      <Filter>Framework\Utils\MapReader</Filter>
    </ClCompile>
    <ClCompile Include="MapReader\TmxLayer.cpp">
      <Filter>Framework\Utils\MapReader</Filter>
    </ClCompile>
    <ClCompile Include="MapReader\TmxMap.cpp">
      <Filter>Framework\Utils\MapReader</Filter>
    </ClCompile>
    <ClCompile Include="MapReader\TmxObject.cpp">
      <Filter>Framework\Utils\MapReader</Filter>
    </ClCompile>
    <ClCompile Include="MapReader\TmxObjectGroup.cpp">
      <Filter>Framework\Utils\MapReader</Filter>
    </ClCompile>
    <ClCompile Include="MapReader\TmxPolygon.cpp">
      <Filter>Framework\Utils\MapReader</Filter>
    </ClCompile>
    <ClCompile Include="MapReader\TmxPolyline.cpp">
      <Filter>Framework\Utils\MapReader</Filter>
    </ClCompile>
    <ClCompile Include="MapReader\TmxPropertySet.cpp">
      <Filter>Framework\Utils\MapReader</Filter>
    </ClCompile>
    <ClCompile Include="MapReader\TmxTerrain.cpp">
      <Filter>Framework\Utils\MapReader</Filter>
    </ClCompile>
    <ClCompile Include="MapReader\TmxTerrainArray.cpp">
      <Filter>Framework\Utils\MapReader</Filter>
    </ClCompile>
    <ClCompile Include="MapReader\TmxTile.cpp">
      <Filter>Framework\Utils\MapReader</Filter>
    </ClCompile>
    <ClCompile Include="MapReader\TmxTileLayer.cpp">
      <Filter>Framework\Utils\MapReader</Filter>
    </ClCompile>
    <ClCompile Include="MapReader\TmxTileOffset.cpp">
      <Filter>Framework\Utils\MapReader</Filter>
    </ClCompile>
    <ClCompile Include="MapReader\TmxTileset.cpp">
      <Filter>Framework\Utils\MapReader</Filter>
    </ClCompile>
    <ClCompile Include="MapReader\TmxUtil.cpp">
      <Filter>Framework\Utils\MapReader</Filter>
    </ClCompile>
    <ClCompile Include="RectCollision.cpp">
      <Filter>GameSource\GameObjects\RectCollision</Filter>
    </ClCompile>
  </ItemGroup>
  <ItemGroup>
    <ClInclude Include="GameObject.h">
      <Filter>Framework\GameObject</Filter>
    </ClInclude>
    <ClInclude Include="Game.h">
      <Filter>Framework\WindowGame</Filter>
    </ClInclude>
    <ClInclude Include="Mario.h">
      <Filter>GameSource\GameObjects\Mario</Filter>
    </ClInclude>
    <ClInclude Include="Brick.h">
      <Filter>GameSource\GameObjects\Brick</Filter>
    </ClInclude>
    <ClInclude Include="Sprite.h">
      <Filter>Framework\Sprite</Filter>
    </ClInclude>
    <ClInclude Include="Animation.h">
      <Filter>Framework\Animation</Filter>
    </ClInclude>
    <ClInclude Include="TextureManager.h">
      <Filter>Framework\Texture</Filter>
    </ClInclude>
    <ClInclude Include="Transform.h">
      <Filter>Framework\Utils</Filter>
    </ClInclude>
    <ClInclude Include="SceneManager.h">
      <Filter>Framework\Scence</Filter>
    </ClInclude>
    <ClInclude Include="SpriteManager.h">
      <Filter>Framework\Sprite</Filter>
    </ClInclude>
    <ClInclude Include="AnimationFrame.h">
      <Filter>Framework\Animation</Filter>
    </ClInclude>
    <ClInclude Include="Goomba.h">
      <Filter>GameSource\GameObjects\Goomba</Filter>
    </ClInclude>
    <ClInclude Include="Scene.h">
      <Filter>Framework\Scence</Filter>
    </ClInclude>
    <ClInclude Include="PlayScene.h">
      <Filter>GameSource\Scenes</Filter>
    </ClInclude>
    <ClInclude Include="Koopas.h">
      <Filter>GameSource\GameObjects\Koopas</Filter>
    </ClInclude>
    <ClInclude Include="AnimationManager.h">
      <Filter>Framework\Animation</Filter>
    </ClInclude>
    <ClInclude Include="Utils.h">
      <Filter>Framework\Utils</Filter>
    </ClInclude>
    <ClInclude Include="Portal.h">
      <Filter>GameSource\GameObjects\Portal</Filter>
    </ClInclude>
    <ClInclude Include="GameMap.h">
      <Filter>Framework\GameMap</Filter>
    </ClInclude>
    <ClInclude Include="MapReader\base64.h">
      <Filter>Framework\Utils\MapReader</Filter>
    </ClInclude>
    <ClInclude Include="MapReader\tinyxml2.h">
      <Filter>Framework\Utils\MapReader</Filter>
    </ClInclude>
    <ClInclude Include="MapReader\TmxEllipse.h">
      <Filter>Framework\Utils\MapReader</Filter>
    </ClInclude>
    <ClInclude Include="MapReader\TmxImage.h">
      <Filter>Framework\Utils\MapReader</Filter>
    </ClInclude>
    <ClInclude Include="MapReader\TmxImageLayer.h">
      <Filter>Framework\Utils\MapReader</Filter>
    </ClInclude>
    <ClInclude Include="MapReader\TmxLayer.h">
      <Filter>Framework\Utils\MapReader</Filter>
    </ClInclude>
    <ClInclude Include="MapReader\TmxMap.h">
      <Filter>Framework\Utils\MapReader</Filter>
    </ClInclude>
    <ClInclude Include="MapReader\TmxMapTile.h">
      <Filter>Framework\Utils\MapReader</Filter>
    </ClInclude>
    <ClInclude Include="MapReader\TmxObject.h">
      <Filter>Framework\Utils\MapReader</Filter>
    </ClInclude>
    <ClInclude Include="MapReader\TmxObjectGroup.h">
      <Filter>Framework\Utils\MapReader</Filter>
    </ClInclude>
    <ClInclude Include="MapReader\TmxPoint.h">
      <Filter>Framework\Utils\MapReader</Filter>
    </ClInclude>
    <ClInclude Include="MapReader\TmxPolygon.h">
      <Filter>Framework\Utils\MapReader</Filter>
    </ClInclude>
    <ClInclude Include="MapReader\TmxPolyline.h">
      <Filter>Framework\Utils\MapReader</Filter>
    </ClInclude>
    <ClInclude Include="MapReader\TmxPropertySet.h">
      <Filter>Framework\Utils\MapReader</Filter>
    </ClInclude>
    <ClInclude Include="MapReader\TmxTerrain.h">
      <Filter>Framework\Utils\MapReader</Filter>
    </ClInclude>
    <ClInclude Include="MapReader\TmxTerrainArray.h">
      <Filter>Framework\Utils\MapReader</Filter>
    </ClInclude>
    <ClInclude Include="MapReader\TmxTile.h">
      <Filter>Framework\Utils\MapReader</Filter>
    </ClInclude>
    <ClInclude Include="MapReader\TmxTileLayer.h">
      <Filter>Framework\Utils\MapReader</Filter>
    </ClInclude>
    <ClInclude Include="MapReader\TmxTileOffset.h">
      <Filter>Framework\Utils\MapReader</Filter>
    </ClInclude>
    <ClInclude Include="MapReader\TmxTileset.h">
      <Filter>Framework\Utils\MapReader</Filter>
    </ClInclude>
    <ClInclude Include="MapReader\TmxUtil.h">
      <Filter>Framework\Utils\MapReader</Filter>
    </ClInclude>
    <ClInclude Include="MapReader\zconf.h">
      <Filter>Framework\Utils\MapReader</Filter>
    </ClInclude>
    <ClInclude Include="MapReader\zlib.h">
      <Filter>Framework\Utils\MapReader</Filter>
    </ClInclude>
    <ClInclude Include="RectCollision.h">
      <Filter>GameSource\GameObjects\RectCollision</Filter>
    </ClInclude>
  </ItemGroup>
  <ItemGroup>
    <Image Include="Textures\mario.png">
      <Filter>Resource Files</Filter>
    </Image>
    <Image Include="Textures\misc.png">
      <Filter>Resource Files</Filter>
    </Image>
    <Image Include="Resources\1.png">
      <Filter>Resource Files</Filter>
    </Image>
    <Image Include="Resources\2.png">
      <Filter>Resource Files</Filter>
    </Image>
    <Image Include="Resources\goldbrick.png">
      <Filter>Resource Files</Filter>
    </Image>
    <Image Include="Resources\loctho.png">
      <Filter>Resource Files</Filter>
    </Image>
    <Image Include="Resources\normalbrick.png">
      <Filter>Resource Files</Filter>
    </Image>
    <Image Include="Resources\tileset-platformer.png">
      <Filter>Resource Files</Filter>
    </Image>
  </ItemGroup>
  <ItemGroup>
    <None Include="MapReader\Tmx.h.in" />
    <None Include="Resources\new_world_1_1.tmx">
      <Filter>Resource Files</Filter>
    </None>
    <None Include="Resources\untitled.tmx">
      <Filter>Resource Files</Filter>
    </None>
    <None Include="Resources\world_1_1(1).tmx">
      <Filter>Resource Files</Filter>
    </None>
    <None Include="Resources\world_1_1.tmx">
      <Filter>Resource Files</Filter>
    </None>
  </ItemGroup>
</Project>