<?xml version="1.0" encoding="utf-8"?>
<Project ToolsVersion="4.0" xmlns="http://schemas.microsoft.com/developer/msbuild/2003">
  <ItemGroup>
    <Filter Include="Resource Files">
      <UniqueIdentifier>{67DA6AB6-F800-4c08-8B7A-83BB121AAD01}</UniqueIdentifier>
      <Extensions>rc;ico;cur;bmp;dlg;rc2;rct;bin;rgs;gif;jpg;jpeg;jpe;resx;tiff;tif;png;wav;mfcribbon-ms</Extensions>
    </Filter>
    <Filter Include="Framework">
      <UniqueIdentifier>{73ca3cff-26a9-49a7-b2ed-9420194edbaa}</UniqueIdentifier>
    </Filter>
    <Filter Include="Framework\Sprite">
      <UniqueIdentifier>{682b603f-8281-480b-817d-2776086cc227}</UniqueIdentifier>
    </Filter>
    <Filter Include="Framework\Texture">
      <UniqueIdentifier>{c0148658-50f6-4d5e-a7ac-829f6fbbd85c}</UniqueIdentifier>
    </Filter>
    <Filter Include="Framework\GameObject">
      <UniqueIdentifier>{023a01ed-86b3-4dde-922a-737468ee02d0}</UniqueIdentifier>
    </Filter>
    <Filter Include="Framework\WindowGame">
      <UniqueIdentifier>{6f888301-24be-45e1-b3a7-2f871673fa33}</UniqueIdentifier>
    </Filter>
    <Filter Include="GameSource">
      <UniqueIdentifier>{07566305-14cb-4093-8b76-5817d16c2452}</UniqueIdentifier>
    </Filter>
    <Filter Include="GameSource\GameObjects">
      <UniqueIdentifier>{19f43f04-ed1c-4473-ac90-3c227e0fd761}</UniqueIdentifier>
    </Filter>
    <Filter Include="GameSource\Scenes">
      <UniqueIdentifier>{6d3f37a4-4fbd-497a-8d64-4f196a7d2749}</UniqueIdentifier>
    </Filter>
    <Filter Include="GameSource\GameObjects\Mario">
      <UniqueIdentifier>{263e2313-396c-4574-a4a1-ca54e76354af}</UniqueIdentifier>
    </Filter>
    <Filter Include="Framework\Animation">
      <UniqueIdentifier>{7be4e946-7a27-45c4-9e7f-e07068bea6c1}</UniqueIdentifier>
    </Filter>
    <Filter Include="Framework\Utils">
      <UniqueIdentifier>{08f06cee-9f43-40b0-b788-23870e7b2f73}</UniqueIdentifier>
    </Filter>
    <Filter Include="Framework\KeyEventHandler">
      <UniqueIdentifier>{88722fea-5038-4b4f-93c3-7c069208e574}</UniqueIdentifier>
    </Filter>
    <Filter Include="GameSource\GameObjects\Portal">
      <UniqueIdentifier>{09a84a80-d79a-4a28-aeb3-0caea2d0a78b}</UniqueIdentifier>
    </Filter>
    <Filter Include="Framework\Camera">
      <UniqueIdentifier>{13da4362-146c-4732-87a2-fe893a4f8f28}</UniqueIdentifier>
    </Filter>
    <Filter Include="Framework\Scene">
      <UniqueIdentifier>{859688a5-c8a8-4ac5-849b-6a04bc22299f}</UniqueIdentifier>
    </Filter>
    <Filter Include="Framework\GameMap2">
      <UniqueIdentifier>{0dc860ee-aef8-4053-8ed3-75400c35ea13}</UniqueIdentifier>
    </Filter>
    <Filter Include="MainSource">
      <UniqueIdentifier>{1f270c7b-233e-43ad-a662-9ae6ec36648d}</UniqueIdentifier>
    </Filter>
    <Filter Include="XMLReader">
      <UniqueIdentifier>{469cc896-68b7-47f8-b0c0-3452f5dd662c}</UniqueIdentifier>
    </Filter>
    <Filter Include="GameSource\GameObjects\Mario\FireMario">
      <UniqueIdentifier>{a68f682f-d6e1-4dca-a4b9-991b31f278cd}</UniqueIdentifier>
    </Filter>
    <Filter Include="GameSource\GameObjects\Mario\FrogMario">
      <UniqueIdentifier>{4121f363-c45a-4caf-8a56-0b62c35cfe15}</UniqueIdentifier>
    </Filter>
    <Filter Include="GameSource\GameObjects\Mario\FireMario\FireBullet">
      <UniqueIdentifier>{5bdeb1f4-322f-4b99-a3be-27465c40b414}</UniqueIdentifier>
    </Filter>
    <Filter Include="GameSource\GameObjects\Mario\RedRaccoonMario">
      <UniqueIdentifier>{8f978460-0ce4-4af6-a519-ed790ac18542}</UniqueIdentifier>
    </Filter>
    <Filter Include="GameSource\GameObjects\Mario\RedSmallMario">
      <UniqueIdentifier>{82aad18d-86a4-43e7-bbb8-7f7088b9e15d}</UniqueIdentifier>
    </Filter>
    <Filter Include="GameSource\GameObjects\Mario\RedBigMario">
      <UniqueIdentifier>{1d5b88c5-fc89-4400-ae71-c829492686e2}</UniqueIdentifier>
    </Filter>
    <Filter Include="GameSource\GameObjects\Enemy">
      <UniqueIdentifier>{b31a20e1-e0ec-460d-958b-9d29d0d52451}</UniqueIdentifier>
    </Filter>
    <Filter Include="GameSource\GameObjects\Enemy\Koopas">
      <UniqueIdentifier>{f2e09f51-caaa-4d28-a892-ef7c2c180086}</UniqueIdentifier>
    </Filter>
    <Filter Include="GameSource\GameObjects\Enemy\Goomba">
      <UniqueIdentifier>{dff8313d-9aa3-4e60-ab83-66ba3af34299}</UniqueIdentifier>
    </Filter>
    <Filter Include="GameSource\GameObjects\CollisionBox">
      <UniqueIdentifier>{7e5eeb8b-5d1e-43e7-ab99-90491331ba78}</UniqueIdentifier>
    </Filter>
    <Filter Include="GameSource\GameObjects\CollisionBox\RectCollision">
      <UniqueIdentifier>{8eee1b50-fe6b-4338-a118-8149e4349b40}</UniqueIdentifier>
    </Filter>
    <Filter Include="GameSource\GameObjects\CollisionBox\RectPlatform">
      <UniqueIdentifier>{f594ef79-8eb4-47fe-b6be-aa3883acc435}</UniqueIdentifier>
    </Filter>
    <Filter Include="GameSource\GameObjects\Items">
      <UniqueIdentifier>{322bd420-ee50-46a5-a469-0db9d2ff5a8c}</UniqueIdentifier>
    </Filter>
    <Filter Include="GameSource\GameObjects\Items\Leaf">
      <UniqueIdentifier>{0575dfe1-5883-4e5e-98ab-09f6e1916d2b}</UniqueIdentifier>
    </Filter>
    <Filter Include="GameSource\GameObjects\Enemy\Venus">
      <UniqueIdentifier>{1630d702-5aaf-4e56-bb8c-a7285d70ebb1}</UniqueIdentifier>
    </Filter>
    <Filter Include="GameSource\GameObjects\UIDrawer">
      <UniqueIdentifier>{61a5d9c4-9c3f-44f8-9520-fc31ab192da0}</UniqueIdentifier>
    </Filter>
    <Filter Include="GameSource\GameObjects\Items\Coin">
      <UniqueIdentifier>{68119fe2-2528-4a39-beaf-4197e30b1668}</UniqueIdentifier>
    </Filter>
    <Filter Include="GameSource\GameObjects\Items\QuestionBox">
      <UniqueIdentifier>{f9afaaa0-e30e-4b79-9191-00784fcde9aa}</UniqueIdentifier>
    </Filter>
    <Filter Include="GameSource\GameObjects\Effect">
      <UniqueIdentifier>{ad952857-94c6-4eea-ba4e-449f75e883e2}</UniqueIdentifier>
    </Filter>
    <Filter Include="GameSource\GameObjects\Effect\BoundingCoinEffect">
      <UniqueIdentifier>{3901df5e-9e16-47b2-ba93-0d53493a2884}</UniqueIdentifier>
    </Filter>
    <Filter Include="GameSource\GameObjects\Effect\AddingPointEffect">
      <UniqueIdentifier>{e334cfef-c005-43e3-9755-8652ae033c0b}</UniqueIdentifier>
    </Filter>
    <Filter Include="GameSource\GameObjects\Enemy\KoopasFly">
      <UniqueIdentifier>{687de0b5-aefd-490a-a02a-76f0a679fc10}</UniqueIdentifier>
    </Filter>
    <Filter Include="GameSource\GameObjects\Portal\MiniPortal">
      <UniqueIdentifier>{81b0856a-c4ef-4c12-928a-149db34f85eb}</UniqueIdentifier>
    </Filter>
  </ItemGroup>
  <ItemGroup>
    <ClCompile Include="GameObject.cpp">
      <Filter>Framework\GameObject</Filter>
    </ClCompile>
    <ClCompile Include="Game.cpp">
      <Filter>Framework\WindowGame</Filter>
    </ClCompile>
    <ClCompile Include="Mario.cpp">
      <Filter>GameSource\GameObjects\Mario</Filter>
    </ClCompile>
    <ClCompile Include="Sprite.cpp">
      <Filter>Framework\Sprite</Filter>
    </ClCompile>
    <ClCompile Include="Animation.cpp">
      <Filter>Framework\Animation</Filter>
    </ClCompile>
    <ClCompile Include="TextureManager.cpp">
      <Filter>Framework\Texture</Filter>
    </ClCompile>
    <ClCompile Include="Transform.cpp">
      <Filter>Framework\Utils</Filter>
    </ClCompile>
    <ClCompile Include="SceneManager.cpp">
      <Filter>Framework\Scene</Filter>
    </ClCompile>
    <ClCompile Include="SpriteManager.cpp">
      <Filter>Framework\Sprite</Filter>
    </ClCompile>
    <ClCompile Include="AnimationFrame.cpp">
      <Filter>Framework\Animation</Filter>
    </ClCompile>
    <ClCompile Include="Goomba.cpp">
      <Filter>GameSource\GameObjects\Enemy\Goomba</Filter>
    </ClCompile>
    <ClCompile Include="Scene.cpp">
      <Filter>Framework\Scene</Filter>
    </ClCompile>
    <ClCompile Include="PlayScene.cpp">
      <Filter>GameSource\Scenes</Filter>
    </ClCompile>
    <ClCompile Include="Koopas.cpp">
      <Filter>GameSource\GameObjects\Enemy\Koopas</Filter>
    </ClCompile>
    <ClCompile Include="Utils.cpp">
      <Filter>Framework\Utils</Filter>
    </ClCompile>
    <ClCompile Include="RectCollision.cpp">
      <Filter>GameSource\GameObjects\CollisionBox\RectCollision</Filter>
    </ClCompile>
    <ClCompile Include="AnimationSet.cpp">
      <Filter>Framework\Animation</Filter>
    </ClCompile>
    <ClCompile Include="Camera.cpp">
      <Filter>Framework\Camera</Filter>
    </ClCompile>
    <ClCompile Include="main.cpp">
      <Filter>MainSource</Filter>
    </ClCompile>
    <ClCompile Include="GameMap2.cpp">
      <Filter>Framework\GameMap2</Filter>
    </ClCompile>
    <ClCompile Include="XmlReader\tinystr.cpp">
      <Filter>XMLReader</Filter>
    </ClCompile>
    <ClCompile Include="XmlReader\tinyxml.cpp">
      <Filter>XMLReader</Filter>
    </ClCompile>
    <ClCompile Include="XmlReader\tinyxmlerror.cpp">
      <Filter>XMLReader</Filter>
    </ClCompile>
    <ClCompile Include="XmlReader\tinyxmlparser.cpp">
      <Filter>XMLReader</Filter>
    </ClCompile>
    <ClCompile Include="MapLayer.cpp">
      <Filter>Framework\GameMap2</Filter>
    </ClCompile>
    <ClCompile Include="TileSet.cpp">
      <Filter>Framework\GameMap2</Filter>
    </ClCompile>
    <ClCompile Include="RectF.cpp">
      <Filter>Framework\GameMap2</Filter>
    </ClCompile>
    <ClCompile Include="FireMario.cpp">
      <Filter>GameSource\GameObjects\Mario\FireMario</Filter>
    </ClCompile>
    <ClCompile Include="FireBullet.cpp">
      <Filter>GameSource\GameObjects\Mario\FireMario\FireBullet</Filter>
    </ClCompile>
    <ClCompile Include="RedSmallMario.cpp">
      <Filter>GameSource\GameObjects\Mario\RedSmallMario</Filter>
    </ClCompile>
    <ClCompile Include="RedRaccoonMario.cpp">
      <Filter>GameSource\GameObjects\Mario\RedRaccoonMario</Filter>
    </ClCompile>
    <ClCompile Include="RedBigMario.cpp">
      <Filter>GameSource\GameObjects\Mario\RedBigMario</Filter>
    </ClCompile>
    <ClCompile Include="RectPlatform.cpp">
      <Filter>GameSource\GameObjects\CollisionBox\RectPlatform</Filter>
    </ClCompile>
    <ClCompile Include="Enemy.cpp">
      <Filter>GameSource\GameObjects\Enemy</Filter>
    </ClCompile>
    <ClCompile Include="QuestionBlock.cpp">
      <Filter>GameSource\GameObjects\Items\QuestionBox</Filter>
    </ClCompile>
    <ClCompile Include="QuestionBlockItem.cpp">
      <Filter>GameSource\GameObjects\Items\QuestionBox</Filter>
    </ClCompile>
    <ClCompile Include="Leaf.cpp">
      <Filter>GameSource\GameObjects\Items\Leaf</Filter>
    </ClCompile>
    <ClCompile Include="Venus.cpp">
      <Filter>GameSource\GameObjects\Enemy\Venus</Filter>
    </ClCompile>
    <ClCompile Include="UIDrawer.cpp">
      <Filter>GameSource\GameObjects\UIDrawer</Filter>
    </ClCompile>
    <ClCompile Include="Coin.cpp">
      <Filter>GameSource\GameObjects\Items\Coin</Filter>
    </ClCompile>
    <ClCompile Include="Effect.cpp">
      <Filter>GameSource\GameObjects\Effect</Filter>
    </ClCompile>
    <ClCompile Include="AddingPointEffect.cpp">
      <Filter>GameSource\GameObjects\Effect\AddingPointEffect</Filter>
    </ClCompile>
    <ClCompile Include="BoundingCoinEffect.cpp">
      <Filter>GameSource\GameObjects\Effect\BoundingCoinEffect</Filter>
    </ClCompile>
    <ClCompile Include="KoopasFly.cpp">
      <Filter>GameSource\GameObjects\Enemy\KoopasFly</Filter>
    </ClCompile>
    <ClCompile Include="MiniPortal.cpp">
      <Filter>GameSource\GameObjects\Portal\MiniPortal</Filter>
    </ClCompile>
  </ItemGroup>
  <ItemGroup>
    <ClInclude Include="GameObject.h">
      <Filter>Framework\GameObject</Filter>
    </ClInclude>
    <ClInclude Include="Game.h">
      <Filter>Framework\WindowGame</Filter>
    </ClInclude>
    <ClInclude Include="Mario.h">
      <Filter>GameSource\GameObjects\Mario</Filter>
    </ClInclude>
    <ClInclude Include="Sprite.h">
      <Filter>Framework\Sprite</Filter>
    </ClInclude>
    <ClInclude Include="Animation.h">
      <Filter>Framework\Animation</Filter>
    </ClInclude>
    <ClInclude Include="TextureManager.h">
      <Filter>Framework\Texture</Filter>
    </ClInclude>
    <ClInclude Include="Transform.h">
      <Filter>Framework\Utils</Filter>
    </ClInclude>
    <ClInclude Include="SceneManager.h">
      <Filter>Framework\Scene</Filter>
    </ClInclude>
    <ClInclude Include="SpriteManager.h">
      <Filter>Framework\Sprite</Filter>
    </ClInclude>
    <ClInclude Include="AnimationFrame.h">
      <Filter>Framework\Animation</Filter>
    </ClInclude>
    <ClInclude Include="Goomba.h">
      <Filter>GameSource\GameObjects\Enemy\Goomba</Filter>
    </ClInclude>
    <ClInclude Include="Scene.h">
      <Filter>Framework\Scene</Filter>
    </ClInclude>
    <ClInclude Include="Koopas.h">
      <Filter>GameSource\GameObjects\Enemy\Koopas</Filter>
    </ClInclude>
    <ClInclude Include="Utils.h">
      <Filter>Framework\Utils</Filter>
    </ClInclude>
    <ClInclude Include="RectCollision.h">
      <Filter>GameSource\GameObjects\CollisionBox\RectCollision</Filter>
    </ClInclude>
    <ClInclude Include="PlayScene.h">
      <Filter>GameSource\Scenes</Filter>
    </ClInclude>
    <ClInclude Include="AnimationSet.h">
      <Filter>Framework\Animation</Filter>
    </ClInclude>
    <ClInclude Include="MarioConsts.h">
      <Filter>GameSource\GameObjects\Mario</Filter>
    </ClInclude>
    <ClInclude Include="PhysicsConsts.h">
      <Filter>Framework\Utils</Filter>
    </ClInclude>
    <ClInclude Include="Camera.h">
      <Filter>Framework\Camera</Filter>
    </ClInclude>
    <ClInclude Include="Const.h">
      <Filter>Framework\Utils</Filter>
    </ClInclude>
    <ClInclude Include="GameMap2.h">
      <Filter>Framework\GameMap2</Filter>
    </ClInclude>
    <ClInclude Include="XmlReader\tinyxml.h">
      <Filter>XMLReader</Filter>
    </ClInclude>
    <ClInclude Include="XmlReader\tinystr.h">
      <Filter>XMLReader</Filter>
    </ClInclude>
    <ClInclude Include="MapLayer.h">
      <Filter>Framework\GameMap2</Filter>
    </ClInclude>
    <ClInclude Include="TileSet.h">
      <Filter>Framework\GameMap2</Filter>
    </ClInclude>
    <ClInclude Include="RectF.h">
      <Filter>Framework\GameMap2</Filter>
    </ClInclude>
    <ClInclude Include="FireMario.h">
      <Filter>GameSource\GameObjects\Mario\FireMario</Filter>
    </ClInclude>
    <ClInclude Include="FireBullet.h">
      <Filter>GameSource\GameObjects\Mario\FireMario\FireBullet</Filter>
    </ClInclude>
    <ClInclude Include="RedSmallMario.h">
      <Filter>GameSource\GameObjects\Mario\RedSmallMario</Filter>
    </ClInclude>
    <ClInclude Include="RedRaccoonMario.h">
      <Filter>GameSource\GameObjects\Mario\RedRaccoonMario</Filter>
    </ClInclude>
    <ClInclude Include="RedBigMario.h">
      <Filter>GameSource\GameObjects\Mario\RedBigMario</Filter>
    </ClInclude>
    <ClInclude Include="RectPlatform.h">
      <Filter>GameSource\GameObjects\CollisionBox\RectPlatform</Filter>
    </ClInclude>
    <ClInclude Include="Enemy.h">
      <Filter>GameSource\GameObjects\Enemy</Filter>
    </ClInclude>
    <ClInclude Include="QuestionBlock.h">
      <Filter>GameSource\GameObjects\Items\QuestionBox</Filter>
    </ClInclude>
    <ClInclude Include="QuestionBlockItem.h">
      <Filter>GameSource\GameObjects\Items\QuestionBox</Filter>
    </ClInclude>
    <ClInclude Include="Leaf.h">
      <Filter>GameSource\GameObjects\Items\Leaf</Filter>
    </ClInclude>
    <ClInclude Include="Venus.h">
      <Filter>GameSource\GameObjects\Enemy\Venus</Filter>
    </ClInclude>
    <ClInclude Include="UIDrawer.h">
      <Filter>GameSource\GameObjects\UIDrawer</Filter>
    </ClInclude>
    <ClInclude Include="Coin.h">
      <Filter>GameSource\GameObjects\Items\Coin</Filter>
    </ClInclude>
    <ClInclude Include="Effect.h">
      <Filter>GameSource\GameObjects\Effect</Filter>
    </ClInclude>
    <ClInclude Include="AddingPointEffect.h">
      <Filter>GameSource\GameObjects\Effect\AddingPointEffect</Filter>
    </ClInclude>
    <ClInclude Include="BoundingCoinEffect.h">
      <Filter>GameSource\GameObjects\Effect\BoundingCoinEffect</Filter>
    </ClInclude>
    <ClInclude Include="KoopasFly.h">
      <Filter>GameSource\GameObjects\Enemy\KoopasFly</Filter>
    </ClInclude>
    <ClInclude Include="MiniPortal.h">
      <Filter>GameSource\GameObjects\Portal\MiniPortal</Filter>
    </ClInclude>
  </ItemGroup>
  <ItemGroup>
    <Image Include="Resources\world-1-1n.png">
      <Filter>Resource Files</Filter>
    </Image>
  </ItemGroup>
  <ItemGroup>
    <None Include="Resources\world-1-1n.tsx">
      <Filter>Resource Files</Filter>
    </None>
    <None Include="Resources\new_world_1_1n.tmx">
      <Filter>Resource Files</Filter>
    </None>
  </ItemGroup>
</Project>